
Microsoft Visual Studio Solution File, Format Version 12.00
# Visual Studio Version 16
VisualStudioVersion = 16.0.30611.23
MinimumVisualStudioVersion = 10.0.40219.1
Project("{FAE04EC0-301F-11D3-BF4B-00C04F79EFBC}") = "Plateforme_Thot_Entity", "Plateforme_Thot_Entity\Plateforme_Thot_Entity.csproj", "{91D51F18-4543-4ED7-AA0E-A6BCF8FA58AA}"
EndProject
Global
	GlobalSection(SolutionConfigurationPlatforms) = preSolution
		Debug|Any CPU = Debug|Any CPU
		Release|Any CPU = Release|Any CPU
	EndGlobalSection
	GlobalSection(ProjectConfigurationPlatforms) = postSolution
		{91D51F18-4543-4ED7-AA0E-A6BCF8FA58AA}.Debug|Any CPU.ActiveCfg = Debug|Any CPU
		{91D51F18-4543-4ED7-AA0E-A6BCF8FA58AA}.Debug|Any CPU.Build.0 = Debug|Any CPU
		{91D51F18-4543-4ED7-AA0E-A6BCF8FA58AA}.Release|Any CPU.ActiveCfg = Release|Any CPU
		{91D51F18-4543-4ED7-AA0E-A6BCF8FA58AA}.Release|Any CPU.Build.0 = Release|Any CPU
	EndGlobalSection
	GlobalSection(SolutionProperties) = preSolution
		HideSolutionNode = FALSE
	EndGlobalSection
	GlobalSection(ExtensibilityGlobals) = postSolution
		SolutionGuid = {CC1AC4CA-AD9A-4885-958B-68B0F160149E}
	EndGlobalSection
EndGlobal
